
Microsoft Visual Studio Solution File, Format Version 12.00
# Visual Studio 14
VisualStudioVersion = 14.0.24720.0
MinimumVisualStudioVersion = 10.0.40219.1
Project("{FAE04EC0-301F-11D3-BF4B-00C04F79EFBC}") = "PiterQuestServer", "PiterQuestServer\PiterQuestServer.csproj", "{6890E7D5-6538-4AE2-A6FC-462C091FCC50}"
EndProject
Global
	GlobalSection(SolutionConfigurationPlatforms) = preSolution
		Debug|Any CPU = Debug|Any CPU
		Release|Any CPU = Release|Any CPU
	EndGlobalSection
	GlobalSection(ProjectConfigurationPlatforms) = postSolution
		{6890E7D5-6538-4AE2-A6FC-462C091FCC50}.Debug|Any CPU.ActiveCfg = Debug|Any CPU
		{6890E7D5-6538-4AE2-A6FC-462C091FCC50}.Debug|Any CPU.Build.0 = Debug|Any CPU
		{6890E7D5-6538-4AE2-A6FC-462C091FCC50}.Release|Any CPU.ActiveCfg = Release|Any CPU
		{6890E7D5-6538-4AE2-A6FC-462C091FCC50}.Release|Any CPU.Build.0 = Release|Any CPU
	EndGlobalSection
	GlobalSection(SolutionProperties) = preSolution
		HideSolutionNode = FALSE
	EndGlobalSection
EndGlobal
